// !$*UTF8*$!
{
	archiveVersion = 1;
	classes = {
	};
	objectVersion = 70;
	objects = {

/* Begin PBXBuildFile section */
		001 /* TimeFillApp.swift in Sources */ = {isa = PBXBuildFile; fileRef = 002 /* TimeFillApp.swift */; };
		003 /* ContentView.swift in Sources */ = {isa = PBXBuildFile; fileRef = 004 /* ContentView.swift */; };
		005 /* CountdownEvent.swift in Sources */ = {isa = PBXBuildFile; fileRef = 006 /* CountdownEvent.swift */; };
		007 /* ColorExtensions.swift in Sources */ = {isa = PBXBuildFile; fileRef = 008 /* ColorExtensions.swift */; };
		009 /* SandFillView.swift in Sources */ = {isa = PBXBuildFile; fileRef = 010 /* SandFillView.swift */; };
		011 /* HomeView.swift in Sources */ = {isa = PBXBuildFile; fileRef = 012 /* HomeView.swift */; };
		013 /* AddEventView.swift in Sources */ = {isa = PBXBuildFile; fileRef = 014 /* AddEventView.swift */; };
		015 /* DetailView.swift in Sources */ = {isa = PBXBuildFile; fileRef = 016 /* DetailView.swift */; };
		015B860F1E7F438291ECCEFC /* EventRepeatManager.swift in Sources */ = {isa = PBXBuildFile; fileRef = 29B6A5FC00184C28A0AD976C /* EventRepeatManager.swift */; };
		017 /* SettingsView.swift in Sources */ = {isa = PBXBuildFile; fileRef = 018 /* SettingsView.swift */; };
		101 /* EventTimelineView.swift in Sources */ = {isa = PBXBuildFile; fileRef = 102 /* EventTimelineView.swift */; };
		103 /* CalendarImporter.swift in Sources */ = {isa = PBXBuildFile; fileRef = 104 /* CalendarImporter.swift */; };
		105 /* CalendarImportView.swift in Sources */ = {isa = PBXBuildFile; fileRef = 106 /* CalendarImportView.swift */; };
		107 /* NotificationManager.swift in Sources */ = {isa = PBXBuildFile; fileRef = 108 /* NotificationManager.swift */; };
		109 /* NotificationSettingsView.swift in Sources */ = {isa = PBXBuildFile; fileRef = 110 /* NotificationSettingsView.swift */; };
		111 /* ReanimationKey.swift in Sources */ = {isa = PBXBuildFile; fileRef = 112 /* ReanimationKey.swift */; };
		46492247AA5D4113B669AC7671ADB192 /* DetailViewEnvironmentKey.swift in Sources */ = {isa = PBXBuildFile; fileRef = B133CD36FCBD424591AE86FF65568407 /* DetailViewEnvironmentKey.swift */; };
		7B71D0C826DD42EC9306BAA4 /* TipJarView.swift in Sources */ = {isa = PBXBuildFile; fileRef = 1D1B67EB010E4BB68DA7794A /* TipJarView.swift */; };
		B28E710D4F99474386509509 /* TipJarViewModel.swift in Sources */ = {isa = PBXBuildFile; fileRef = 0FCE0DEADC5B42029BA89FDE /* TipJarViewModel.swift */; };
		E978A7512E9570D300465616 /* Assets.xcassets in Resources */ = {isa = PBXBuildFile; fileRef = E978A7502E9570D300465616 /* Assets.xcassets */; };
		E9D8A2682E95E7B600C23B7E /* WidgetKit.framework in Frameworks */ = {isa = PBXBuildFile; fileRef = E9D8A2672E95E7B600C23B7E /* WidgetKit.framework */; };
		E9D8A26A2E95E7B600C23B7E /* SwiftUI.framework in Frameworks */ = {isa = PBXBuildFile; fileRef = E9D8A2692E95E7B600C23B7E /* SwiftUI.framework */; };
		E9D8A27B2E95E7B900C23B7E /* TimeFillWidgetExtension.appex in Embed Foundation Extensions */ = {isa = PBXBuildFile; fileRef = E9D8A2652E95E7B600C23B7E /* TimeFillWidgetExtension.appex */; settings = {ATTRIBUTES = (RemoveHeadersOnCopy, ); }; };
		E9D8A28F2E95F3DA00C23B7E /* WidgetDataManager.swift in Sources */ = {isa = PBXBuildFile; fileRef = E9D8A28E2E95F3DA00C23B7E /* WidgetDataManager.swift */; };
		E9D8A29D2E97588100C23B7E /* LandingView.swift in Sources */ = {isa = PBXBuildFile; fileRef = E9D8A29C2E97588100C23B7E /* LandingView.swift */; };
		E9ED1E2D2EC14D3E007D1188 /* StoreKit.framework in Frameworks */ = {isa = PBXBuildFile; fileRef = E9ED1E2C2EC14D3E007D1188 /* StoreKit.framework */; };
		E9ED1EFA2EC16EB9007D1188 /* Configuration.storekit in Resources */ = {isa = PBXBuildFile; fileRef = E9ED1EF92EC16EB9007D1188 /* Configuration.storekit */; };
		E9ED1EFB2EC16EB9007D1188 /* Configuration.storekit in Resources */ = {isa = PBXBuildFile; fileRef = E9ED1EF92EC16EB9007D1188 /* Configuration.storekit */; };
		E9F19B752EF3B29900C142C7 /* MyTipsStoreKitConfiguration.storekit in Resources */ = {isa = PBXBuildFile; fileRef = E9F19B742EF3B29900C142C7 /* MyTipsStoreKitConfiguration.storekit */; };
/* End PBXBuildFile section */

/* Begin PBXContainerItemProxy section */
		E9D8A2792E95E7B900C23B7E /* PBXContainerItemProxy */ = {
			isa = PBXContainerItemProxy;
			containerPortal = 031 /* Project object */;
			proxyType = 1;
			remoteGlobalIDString = E9D8A2642E95E7B600C23B7E;
			remoteInfo = TimeFillWidgetExtension;
		};
/* End PBXContainerItemProxy section */

/* Begin PBXCopyFilesBuildPhase section */
		E9D8A27C2E95E7B900C23B7E /* Embed Foundation Extensions */ = {
			isa = PBXCopyFilesBuildPhase;
			buildActionMask = 2147483647;
			dstPath = "";
			dstSubfolderSpec = 13;
			files = (
				E9D8A27B2E95E7B900C23B7E /* TimeFillWidgetExtension.appex in Embed Foundation Extensions */,
			);
			name = "Embed Foundation Extensions";
			runOnlyForDeploymentPostprocessing = 0;
		};
/* End PBXCopyFilesBuildPhase section */

/* Begin PBXFileReference section */
		002 /* TimeFillApp.swift */ = {isa = PBXFileReference; lastKnownFileType = sourcecode.swift; path = TimeFillApp.swift; sourceTree = "<group>"; };
		004 /* ContentView.swift */ = {isa = PBXFileReference; lastKnownFileType = sourcecode.swift; path = ContentView.swift; sourceTree = "<group>"; };
		006 /* CountdownEvent.swift */ = {isa = PBXFileReference; lastKnownFileType = sourcecode.swift; path = CountdownEvent.swift; sourceTree = "<group>"; };
		008 /* ColorExtensions.swift */ = {isa = PBXFileReference; lastKnownFileType = sourcecode.swift; path = ColorExtensions.swift; sourceTree = "<group>"; };
		010 /* SandFillView.swift */ = {isa = PBXFileReference; lastKnownFileType = sourcecode.swift; path = SandFillView.swift; sourceTree = "<group>"; };
		012 /* HomeView.swift */ = {isa = PBXFileReference; lastKnownFileType = sourcecode.swift; path = HomeView.swift; sourceTree = "<group>"; };
		014 /* AddEventView.swift */ = {isa = PBXFileReference; lastKnownFileType = sourcecode.swift; path = AddEventView.swift; sourceTree = "<group>"; };
		016 /* DetailView.swift */ = {isa = PBXFileReference; lastKnownFileType = sourcecode.swift; path = DetailView.swift; sourceTree = "<group>"; };
		018 /* SettingsView.swift */ = {isa = PBXFileReference; lastKnownFileType = sourcecode.swift; path = SettingsView.swift; sourceTree = "<group>"; };
		019 /* TimeFill.app */ = {isa = PBXFileReference; explicitFileType = wrapper.application; includeInIndex = 0; path = TimeFill.app; sourceTree = BUILT_PRODUCTS_DIR; };
		0FCE0DEADC5B42029BA89FDE /* TipJarViewModel.swift */ = {isa = PBXFileReference; lastKnownFileType = sourcecode.swift; path = TipJarViewModel.swift; sourceTree = "<group>"; };
		102 /* EventTimelineView.swift */ = {isa = PBXFileReference; lastKnownFileType = sourcecode.swift; path = EventTimelineView.swift; sourceTree = "<group>"; };
		104 /* CalendarImporter.swift */ = {isa = PBXFileReference; lastKnownFileType = sourcecode.swift; path = CalendarImporter.swift; sourceTree = "<group>"; };
		106 /* CalendarImportView.swift */ = {isa = PBXFileReference; lastKnownFileType = sourcecode.swift; path = CalendarImportView.swift; sourceTree = "<group>"; };
		108 /* NotificationManager.swift */ = {isa = PBXFileReference; lastKnownFileType = sourcecode.swift; path = NotificationManager.swift; sourceTree = "<group>"; };
		110 /* NotificationSettingsView.swift */ = {isa = PBXFileReference; lastKnownFileType = sourcecode.swift; path = NotificationSettingsView.swift; sourceTree = "<group>"; };
		112 /* ReanimationKey.swift */ = {isa = PBXFileReference; lastKnownFileType = sourcecode.swift; path = ReanimationKey.swift; sourceTree = "<group>"; };
		1D1B67EB010E4BB68DA7794A /* TipJarView.swift */ = {isa = PBXFileReference; lastKnownFileType = sourcecode.swift; path = TipJarView.swift; sourceTree = "<group>"; };
		29B6A5FC00184C28A0AD976C /* EventRepeatManager.swift */ = {isa = PBXFileReference; lastKnownFileType = sourcecode.swift; path = EventRepeatManager.swift; sourceTree = "<group>"; };
		B133CD36FCBD424591AE86FF65568407 /* DetailViewEnvironmentKey.swift */ = {isa = PBXFileReference; lastKnownFileType = sourcecode.swift; path = DetailViewEnvironmentKey.swift; sourceTree = "<group>"; };
		E978A7502E9570D300465616 /* Assets.xcassets */ = {isa = PBXFileReference; lastKnownFileType = folder.assetcatalog; path = Assets.xcassets; sourceTree = "<group>"; };
		E9D8A2652E95E7B600C23B7E /* TimeFillWidgetExtension.appex */ = {isa = PBXFileReference; explicitFileType = "wrapper.app-extension"; includeInIndex = 0; path = TimeFillWidgetExtension.appex; sourceTree = BUILT_PRODUCTS_DIR; };
		E9D8A2672E95E7B600C23B7E /* WidgetKit.framework */ = {isa = PBXFileReference; lastKnownFileType = wrapper.framework; name = WidgetKit.framework; path = System/Library/Frameworks/WidgetKit.framework; sourceTree = SDKROOT; };
		E9D8A2692E95E7B600C23B7E /* SwiftUI.framework */ = {isa = PBXFileReference; lastKnownFileType = wrapper.framework; name = SwiftUI.framework; path = System/Library/Frameworks/SwiftUI.framework; sourceTree = SDKROOT; };
		E9D8A2892E95F1AE00C23B7E /* TimeFill.entitlements */ = {isa = PBXFileReference; lastKnownFileType = text.plist.entitlements; path = TimeFill.entitlements; sourceTree = "<group>"; };
		E9D8A28A2E95F1F900C23B7E /* TimeFillWidgetExtension.entitlements */ = {isa = PBXFileReference; lastKnownFileType = text.plist.entitlements; path = TimeFillWidgetExtension.entitlements; sourceTree = "<group>"; };
		E9D8A28E2E95F3DA00C23B7E /* WidgetDataManager.swift */ = {isa = PBXFileReference; lastKnownFileType = sourcecode.swift; path = WidgetDataManager.swift; sourceTree = "<group>"; };
		E9D8A29C2E97588100C23B7E /* LandingView.swift */ = {isa = PBXFileReference; lastKnownFileType = sourcecode.swift; path = LandingView.swift; sourceTree = "<group>"; };
		E9ED1E2C2EC14D3E007D1188 /* StoreKit.framework */ = {isa = PBXFileReference; lastKnownFileType = wrapper.framework; name = StoreKit.framework; path = System/Library/Frameworks/StoreKit.framework; sourceTree = SDKROOT; };
		E9ED1EF92EC16EB9007D1188 /* Configuration.storekit */ = {isa = PBXFileReference; lastKnownFileType = text; path = Configuration.storekit; sourceTree = "<group>"; };
		E9F19B742EF3B29900C142C7 /* MyTipsStoreKitConfiguration.storekit */ = {isa = PBXFileReference; lastKnownFileType = text; path = MyTipsStoreKitConfiguration.storekit; sourceTree = "<group>"; };
/* End PBXFileReference section */

/* Begin PBXFileSystemSynchronizedBuildFileExceptionSet section */
		E9D8A27F2E95E7B900C23B7E /* PBXFileSystemSynchronizedBuildFileExceptionSet */ = {
			isa = PBXFileSystemSynchronizedBuildFileExceptionSet;
			membershipExceptions = (
				Info.plist,
			);
			target = E9D8A2642E95E7B600C23B7E /* TimeFillWidgetExtension */;
		};
/* End PBXFileSystemSynchronizedBuildFileExceptionSet section */

/* Begin PBXFileSystemSynchronizedRootGroup section */
		E9D8A26B2E95E7B600C23B7E /* TimeFillWidget */ = {isa = PBXFileSystemSynchronizedRootGroup; exceptions = (E9D8A27F2E95E7B900C23B7E /* PBXFileSystemSynchronizedBuildFileExceptionSet */, ); explicitFileTypes = {}; explicitFolders = (); path = TimeFillWidget; sourceTree = "<group>"; };
/* End PBXFileSystemSynchronizedRootGroup section */

/* Begin PBXFrameworksBuildPhase section */
		020 /* Frameworks */ = {
			isa = PBXFrameworksBuildPhase;
			buildActionMask = 2147483647;
			files = (
				E9ED1E2D2EC14D3E007D1188 /* StoreKit.framework in Frameworks */,
			);
			runOnlyForDeploymentPostprocessing = 0;
		};
		E9D8A2622E95E7B600C23B7E /* Frameworks */ = {
			isa = PBXFrameworksBuildPhase;
			buildActionMask = 2147483647;
			files = (
				E9D8A26A2E95E7B600C23B7E /* SwiftUI.framework in Frameworks */,
				E9D8A2682E95E7B600C23B7E /* WidgetKit.framework in Frameworks */,
			);
			runOnlyForDeploymentPostprocessing = 0;
		};
/* End PBXFrameworksBuildPhase section */

/* Begin PBXGroup section */
		021 = {
			isa = PBXGroup;
			children = (
				E9D8A28A2E95F1F900C23B7E /* TimeFillWidgetExtension.entitlements */,
				022 /* TimeFill */,
				E9D8A26B2E95E7B600C23B7E /* TimeFillWidget */,
				E9D8A2662E95E7B600C23B7E /* Frameworks */,
				023 /* Products */,
			);
			sourceTree = "<group>";
		};
		022 /* TimeFill */ = {
			isa = PBXGroup;
			children = (
				E9ED1EF92EC16EB9007D1188 /* Configuration.storekit */,
				E9D8A2892E95F1AE00C23B7E /* TimeFill.entitlements */,
				E978A7502E9570D300465616 /* Assets.xcassets */,
				002 /* TimeFillApp.swift */,
				004 /* ContentView.swift */,
				024 /* Models */,
				025 /* Views */,
				026 /* Utils */,
			);
			path = TimeFill;
			sourceTree = "<group>";
		};
		023 /* Products */ = {
			isa = PBXGroup;
			children = (
				019 /* TimeFill.app */,
				E9D8A2652E95E7B600C23B7E /* TimeFillWidgetExtension.appex */,
			);
			name = Products;
			sourceTree = "<group>";
		};
		024 /* Models */ = {
			isa = PBXGroup;
			children = (
				006 /* CountdownEvent.swift */,
			);
			path = Models;
			sourceTree = "<group>";
		};
		025 /* Views */ = {
			isa = PBXGroup;
			children = (
				E9D8A29C2E97588100C23B7E /* LandingView.swift */,
				010 /* SandFillView.swift */,
				012 /* HomeView.swift */,
				014 /* AddEventView.swift */,
				016 /* DetailView.swift */,
				018 /* SettingsView.swift */,
				102 /* EventTimelineView.swift */,
				106 /* CalendarImportView.swift */,
				110 /* NotificationSettingsView.swift */,
				1D1B67EB010E4BB68DA7794A /* TipJarView.swift */,
				E9F19B742EF3B29900C142C7 /* MyTipsStoreKitConfiguration.storekit */,
			);
			path = Views;
			sourceTree = "<group>";
		};
		026 /* Utils */ = {
			isa = PBXGroup;
			children = (
				E9D8A28E2E95F3DA00C23B7E /* WidgetDataManager.swift */,
				008 /* ColorExtensions.swift */,
				104 /* CalendarImporter.swift */,
				108 /* NotificationManager.swift */,
				112 /* ReanimationKey.swift */,
				B133CD36FCBD424591AE86FF65568407 /* DetailViewEnvironmentKey.swift */,
				29B6A5FC00184C28A0AD976C /* EventRepeatManager.swift */,
				0FCE0DEADC5B42029BA89FDE /* TipJarViewModel.swift */,
			);
			path = Utils;
			sourceTree = "<group>";
		};
		E9D8A2662E95E7B600C23B7E /* Frameworks */ = {
			isa = PBXGroup;
			children = (
				E9ED1E2C2EC14D3E007D1188 /* StoreKit.framework */,
				E9D8A2672E95E7B600C23B7E /* WidgetKit.framework */,
				E9D8A2692E95E7B600C23B7E /* SwiftUI.framework */,
			);
			name = Frameworks;
			sourceTree = "<group>";
		};
/* End PBXGroup section */

/* Begin PBXNativeTarget section */
		027 /* TimeFill */ = {
			isa = PBXNativeTarget;
			buildConfigurationList = 028 /* Build configuration list for PBXNativeTarget "TimeFill" */;
			buildPhases = (
				029 /* Sources */,
				020 /* Frameworks */,
				030 /* Resources */,
				E9D8A27C2E95E7B900C23B7E /* Embed Foundation Extensions */,
			);
			buildRules = (
			);
			dependencies = (
				E9D8A27A2E95E7B900C23B7E /* PBXTargetDependency */,
			);
			name = TimeFill;
			productName = TimeFill;
			productReference = 019 /* TimeFill.app */;
			productType = "com.apple.product-type.application";
		};
		E9D8A2642E95E7B600C23B7E /* TimeFillWidgetExtension */ = {
			isa = PBXNativeTarget;
			buildConfigurationList = E9D8A2802E95E7B900C23B7E /* Build configuration list for PBXNativeTarget "TimeFillWidgetExtension" */;
			buildPhases = (
				E9D8A2612E95E7B600C23B7E /* Sources */,
				E9D8A2622E95E7B600C23B7E /* Frameworks */,
				E9D8A2632E95E7B600C23B7E /* Resources */,
			);
			buildRules = (
			);
			dependencies = (
			);
			fileSystemSynchronizedGroups = (
				E9D8A26B2E95E7B600C23B7E /* TimeFillWidget */,
			);
			name = TimeFillWidgetExtension;
			packageProductDependencies = (
			);
			productName = TimeFillWidgetExtension;
			productReference = E9D8A2652E95E7B600C23B7E /* TimeFillWidgetExtension.appex */;
			productType = "com.apple.product-type.app-extension";
		};
/* End PBXNativeTarget section */

/* Begin PBXProject section */
		031 /* Project object */ = {
			isa = PBXProject;
			attributes = {
				BuildIndependentTargetsInParallel = 1;
				LastSwiftUpdateCheck = 2600;
				LastUpgradeCheck = 1540;
				TargetAttributes = {
					027 = {
						CreatedOnToolsVersion = 15.4;
					};
					E9D8A2642E95E7B600C23B7E = {
						CreatedOnToolsVersion = 26.0.1;
					};
				};
			};
			buildConfigurationList = 032 /* Build configuration list for PBXProject "TimeFill" */;
			compatibilityVersion = "Xcode 14.0";
			developmentRegion = en;
			hasScannedForEncodings = 0;
			knownRegions = (
				en,
				Base,
			);
			mainGroup = 021;
			productRefGroup = 023 /* Products */;
			projectDirPath = "";
			projectRoot = "";
			targets = (
				027 /* TimeFill */,
				E9D8A2642E95E7B600C23B7E /* TimeFillWidgetExtension */,
			);
		};
/* End PBXProject section */

/* Begin PBXResourcesBuildPhase section */
		030 /* Resources */ = {
			isa = PBXResourcesBuildPhase;
			buildActionMask = 2147483647;
			files = (
				E978A7512E9570D300465616 /* Assets.xcassets in Resources */,
				E9ED1EFB2EC16EB9007D1188 /* Configuration.storekit in Resources */,
			);
			runOnlyForDeploymentPostprocessing = 0;
		};
		E9D8A2632E95E7B600C23B7E /* Resources */ = {
			isa = PBXResourcesBuildPhase;
			buildActionMask = 2147483647;
			files = (
				E9F19B752EF3B29900C142C7 /* MyTipsStoreKitConfiguration.storekit in Resources */,
				E9ED1EFA2EC16EB9007D1188 /* Configuration.storekit in Resources */,
			);
			runOnlyForDeploymentPostprocessing = 0;
		};
/* End PBXResourcesBuildPhase section */

/* Begin PBXSourcesBuildPhase section */
		029 /* Sources */ = {
			isa = PBXSourcesBuildPhase;
			buildActionMask = 2147483647;
			files = (
				E9D8A29D2E97588100C23B7E /* LandingView.swift in Sources */,
				001 /* TimeFillApp.swift in Sources */,
				003 /* ContentView.swift in Sources */,
				005 /* CountdownEvent.swift in Sources */,
				007 /* ColorExtensions.swift in Sources */,
				009 /* SandFillView.swift in Sources */,
				011 /* HomeView.swift in Sources */,
				013 /* AddEventView.swift in Sources */,
				015 /* DetailView.swift in Sources */,
				E9D8A28F2E95F3DA00C23B7E /* WidgetDataManager.swift in Sources */,
				017 /* SettingsView.swift in Sources */,
				101 /* EventTimelineView.swift in Sources */,
				103 /* CalendarImporter.swift in Sources */,
				105 /* CalendarImportView.swift in Sources */,
				107 /* NotificationManager.swift in Sources */,
				109 /* NotificationSettingsView.swift in Sources */,
				111 /* ReanimationKey.swift in Sources */,
				46492247AA5D4113B669AC7671ADB192 /* DetailViewEnvironmentKey.swift in Sources */,
				015B860F1E7F438291ECCEFC /* EventRepeatManager.swift in Sources */,
				7B71D0C826DD42EC9306BAA4 /* TipJarView.swift in Sources */,
				B28E710D4F99474386509509 /* TipJarViewModel.swift in Sources */,
			);
			runOnlyForDeploymentPostprocessing = 0;
		};
		E9D8A2612E95E7B600C23B7E /* Sources */ = {
			isa = PBXSourcesBuildPhase;
			buildActionMask = 2147483647;
			files = (
			);
			runOnlyForDeploymentPostprocessing = 0;
		};
/* End PBXSourcesBuildPhase section */

/* Begin PBXTargetDependency section */
		E9D8A27A2E95E7B900C23B7E /* PBXTargetDependency */ = {
			isa = PBXTargetDependency;
			target = E9D8A2642E95E7B600C23B7E /* TimeFillWidgetExtension */;
			targetProxy = E9D8A2792E95E7B900C23B7E /* PBXContainerItemProxy */;
		};
/* End PBXTargetDependency section */

/* Begin XCBuildConfiguration section */
		033 /* Debug */ = {
			isa = XCBuildConfiguration;
			buildSettings = {
				ALWAYS_SEARCH_USER_PATHS = NO;
				ASSETCATALOG_COMPILER_GENERATE_SWIFT_ASSET_SYMBOL_EXTENSIONS = YES;
				CLANG_ANALYZER_NONNULL = YES;
				CLANG_ANALYZER_NUMBER_OBJECT_CONVERSION = YES_AGGRESSIVE;
				CLANG_CXX_LANGUAGE_STANDARD = "gnu++20";
				CLANG_ENABLE_MODULES = YES;
				CLANG_ENABLE_OBJC_ARC = YES;
				CLANG_WARN_BLOCK_CAPTURE_AUTORELEASING = YES;
				CLANG_WARN_BOOL_CONVERSION = YES;
				CLANG_WARN_COMMA = YES;
				CLANG_WARN_CONSTANT_CONVERSION = YES;
				CLANG_WARN_DEPRECATED_OBJC_IMPLEMENTATIONS = YES;
				CLANG_WARN_DIRECT_OBJC_ISA_USAGE = YES_ERROR;
				CLANG_WARN_DOCUMENTATION_COMMENTS = YES;
				CLANG_WARN_EMPTY_BODY = YES;
				CLANG_WARN_ENUM_CONVERSION = YES;
				CLANG_WARN_INFINITE_RECURSION = YES;
				CLANG_WARN_INT_CONVERSION = YES;
				CLANG_WARN_NON_LITERAL_NULL_CONVERSION = YES;
				CLANG_WARN_OBJC_IMPLICIT_RETAIN_SELF = YES;
				CLANG_WARN_OBJC_LITERAL_CONVERSION = YES;
				CLANG_WARN_OBJC_ROOT_CLASS = YES_ERROR;
				CLANG_WARN_QUOTED_INCLUDE_IN_FRAMEWORK_HEADER = YES;
				CLANG_WARN_RANGE_LOOP_ANALYSIS = YES;
				CLANG_WARN_STRICT_PROTOTYPES = YES;
				CLANG_WARN_SUSPICIOUS_MOVE = YES;
				CLANG_WARN_UNGUARDED_AVAILABILITY = YES_AGGRESSIVE;
				CLANG_WARN_UNREACHABLE_CODE = YES;
				CLANG_WARN__DUPLICATE_METHOD_MATCH = YES;
				COPY_PHASE_STRIP = NO;
				DEBUG_INFORMATION_FORMAT = dwarf;
				ENABLE_STRICT_OBJC_MSGSEND = YES;
				ENABLE_TESTABILITY = YES;
				ENABLE_USER_SCRIPT_SANDBOXING = YES;
				GCC_C_LANGUAGE_STANDARD = gnu17;
				GCC_DYNAMIC_NO_PIC = NO;
				GCC_NO_COMMON_BLOCKS = YES;
				GCC_OPTIMIZATION_LEVEL = 0;
				GCC_PREPROCESSOR_DEFINITIONS = (
					"DEBUG=1",
					"$(inherited)",
				);
				GCC_WARN_64_TO_32_BIT_CONVERSION = YES;
				GCC_WARN_ABOUT_RETURN_TYPE = YES_ERROR;
				GCC_WARN_UNDECLARED_SELECTOR = YES;
				GCC_WARN_UNINITIALIZED_AUTOS = YES_AGGRESSIVE;
				GCC_WARN_UNUSED_FUNCTION = YES;
				GCC_WARN_UNUSED_VARIABLE = YES;
				IPHONEOS_DEPLOYMENT_TARGET = 17.0;
				LOCALIZATION_PREFERS_STRING_CATALOGS = YES;
				MTL_ENABLE_DEBUG_INFO = INCLUDE_SOURCE;
				MTL_FAST_MATH = YES;
				ONLY_ACTIVE_ARCH = YES;
				SDKROOT = iphoneos;
				SWIFT_ACTIVE_COMPILATION_CONDITIONS = "DEBUG $(inherited)";
				SWIFT_OPTIMIZATION_LEVEL = "-Onone";
			};
			name = Debug;
		};
		034 /* Release */ = {
			isa = XCBuildConfiguration;
			buildSettings = {
				ALWAYS_SEARCH_USER_PATHS = NO;
				ASSETCATALOG_COMPILER_GENERATE_SWIFT_ASSET_SYMBOL_EXTENSIONS = YES;
				CLANG_ANALYZER_NONNULL = YES;
				CLANG_ANALYZER_NUMBER_OBJECT_CONVERSION = YES_AGGRESSIVE;
				CLANG_CXX_LANGUAGE_STANDARD = "gnu++20";
				CLANG_ENABLE_MODULES = YES;
				CLANG_ENABLE_OBJC_ARC = YES;
				CLANG_WARN_BLOCK_CAPTURE_AUTORELEASING = YES;
				CLANG_WARN_BOOL_CONVERSION = YES;
				CLANG_WARN_COMMA = YES;
				CLANG_WARN_CONSTANT_CONVERSION = YES;
				CLANG_WARN_DEPRECATED_OBJC_IMPLEMENTATIONS = YES;
				CLANG_WARN_DIRECT_OBJC_ISA_USAGE = YES_ERROR;
				CLANG_WARN_DOCUMENTATION_COMMENTS = YES;
				CLANG_WARN_EMPTY_BODY = YES;
				CLANG_WARN_ENUM_CONVERSION = YES;
				CLANG_WARN_INFINITE_RECURSION = YES;
				CLANG_WARN_INT_CONVERSION = YES;
				CLANG_WARN_NON_LITERAL_NULL_CONVERSION = YES;
				CLANG_WARN_OBJC_IMPLICIT_RETAIN_SELF = YES;
				CLANG_WARN_OBJC_LITERAL_CONVERSION = YES;
				CLANG_WARN_OBJC_ROOT_CLASS = YES_ERROR;
				CLANG_WARN_QUOTED_INCLUDE_IN_FRAMEWORK_HEADER = YES;
				CLANG_WARN_RANGE_LOOP_ANALYSIS = YES;
				CLANG_WARN_STRICT_PROTOTYPES = YES;
				CLANG_WARN_SUSPICIOUS_MOVE = YES;
				CLANG_WARN_UNGUARDED_AVAILABILITY = YES_AGGRESSIVE;
				CLANG_WARN_UNREACHABLE_CODE = YES;
				CLANG_WARN__DUPLICATE_METHOD_MATCH = YES;
				COPY_PHASE_STRIP = NO;
				DEBUG_INFORMATION_FORMAT = "dwarf-with-dsym";
				ENABLE_NS_ASSERTIONS = NO;
				ENABLE_STRICT_OBJC_MSGSEND = YES;
				ENABLE_USER_SCRIPT_SANDBOXING = YES;
				GCC_C_LANGUAGE_STANDARD = gnu17;
				GCC_NO_COMMON_BLOCKS = YES;
				GCC_WARN_64_TO_32_BIT_CONVERSION = YES;
				GCC_WARN_ABOUT_RETURN_TYPE = YES_ERROR;
				GCC_WARN_UNDECLARED_SELECTOR = YES;
				GCC_WARN_UNINITIALIZED_AUTOS = YES_AGGRESSIVE;
				GCC_WARN_UNUSED_FUNCTION = YES;
				GCC_WARN_UNUSED_VARIABLE = YES;
				IPHONEOS_DEPLOYMENT_TARGET = 17.0;
				LOCALIZATION_PREFERS_STRING_CATALOGS = YES;
				MTL_ENABLE_DEBUG_INFO = NO;
				MTL_FAST_MATH = YES;
				SDKROOT = iphoneos;
				SWIFT_COMPILATION_MODE = wholemodule;
				VALIDATE_PRODUCT = YES;
			};
			name = Release;
		};
		035 /* Debug */ = {
			isa = XCBuildConfiguration;
			buildSettings = {
				ASSETCATALOG_COMPILER_APPICON_NAME = AppIcon;
				ASSETCATALOG_COMPILER_GLOBAL_ACCENT_COLOR_NAME = AccentColor;
				CODE_SIGN_ENTITLEMENTS = TimeFill/TimeFill.entitlements;
				CODE_SIGN_STYLE = Automatic;
				CURRENT_PROJECT_VERSION = 6;
				DEVELOPMENT_TEAM = 5YC4QBHFLS;
				ENABLE_PREVIEWS = YES;
				GENERATE_INFOPLIST_FILE = YES;
				INFOPLIST_KEY_CFBundleDisplayName = "Time Fill";
				INFOPLIST_KEY_NSCalendarsFullAccessUsageDescription = "TimeFill needs access to import events from your calendar";
				INFOPLIST_KEY_UIApplicationSceneManifest_Generation = YES;
				INFOPLIST_KEY_UIApplicationSupportsIndirectInputEvents = YES;
				INFOPLIST_KEY_UILaunchScreen_Generation = YES;
				INFOPLIST_KEY_UISupportedInterfaceOrientations = UIInterfaceOrientationPortrait;
				INFOPLIST_KEY_UISupportedInterfaceOrientations_iPad = "UIInterfaceOrientationLandscapeLeft UIInterfaceOrientationLandscapeRight UIInterfaceOrientationPortrait UIInterfaceOrientationPortraitUpsideDown";
				LD_RUNPATH_SEARCH_PATHS = (
					"$(inherited)",
					"@executable_path/Frameworks",
				);
				MARKETING_VERSION = 1.4;
				PRODUCT_BUNDLE_IDENTIFIER = com.timefill.app;
				PRODUCT_NAME = "$(TARGET_NAME)";
				SUPPORTED_PLATFORMS = "iphoneos iphonesimulator";
				SUPPORTS_MACCATALYST = NO;
				SUPPORTS_MAC_DESIGNED_FOR_IPHONE_IPAD = NO;
				SUPPORTS_XR_DESIGNED_FOR_IPHONE_IPAD = NO;
				SWIFT_EMIT_LOC_STRINGS = YES;
				SWIFT_VERSION = 5.0;
				TARGETED_DEVICE_FAMILY = 1;
			};
			name = Debug;
		};
		036 /* Release */ = {
			isa = XCBuildConfiguration;
			buildSettings = {
				ASSETCATALOG_COMPILER_APPICON_NAME = AppIcon;
				ASSETCATALOG_COMPILER_GLOBAL_ACCENT_COLOR_NAME = AccentColor;
				CODE_SIGN_ENTITLEMENTS = TimeFill/TimeFill.entitlements;
				CODE_SIGN_STYLE = Automatic;
				CURRENT_PROJECT_VERSION = 6;
				DEVELOPMENT_TEAM = 5YC4QBHFLS;
				ENABLE_PREVIEWS = YES;
				GENERATE_INFOPLIST_FILE = YES;
				INFOPLIST_KEY_CFBundleDisplayName = "Time Fill";
				INFOPLIST_KEY_NSCalendarsFullAccessUsageDescription = "TimeFill needs access to import events from your calendar";
				INFOPLIST_KEY_UIApplicationSceneManifest_Generation = YES;
				INFOPLIST_KEY_UIApplicationSupportsIndirectInputEvents = YES;
				INFOPLIST_KEY_UILaunchScreen_Generation = YES;
				INFOPLIST_KEY_UISupportedInterfaceOrientations = UIInterfaceOrientationPortrait;
				INFOPLIST_KEY_UISupportedInterfaceOrientations_iPad = "UIInterfaceOrientationLandscapeLeft UIInterfaceOrientationLandscapeRight UIInterfaceOrientationPortrait UIInterfaceOrientationPortraitUpsideDown";
				LD_RUNPATH_SEARCH_PATHS = (
					"$(inherited)",
					"@executable_path/Frameworks",
				);
				MARKETING_VERSION = 1.4;
				PRODUCT_BUNDLE_IDENTIFIER = com.timefill.app;
				PRODUCT_NAME = "$(TARGET_NAME)";
				SUPPORTED_PLATFORMS = "iphoneos iphonesimulator";
				SUPPORTS_MACCATALYST = NO;
				SUPPORTS_MAC_DESIGNED_FOR_IPHONE_IPAD = NO;
				SUPPORTS_XR_DESIGNED_FOR_IPHONE_IPAD = NO;
				SWIFT_EMIT_LOC_STRINGS = YES;
				SWIFT_VERSION = 5.0;
				TARGETED_DEVICE_FAMILY = 1;
			};
			name = Release;
		};
		E9D8A27D2E95E7B900C23B7E /* Debug */ = {
			isa = XCBuildConfiguration;
			buildSettings = {
				ASSETCATALOG_COMPILER_GLOBAL_ACCENT_COLOR_NAME = AccentColor;
				ASSETCATALOG_COMPILER_WIDGET_BACKGROUND_COLOR_NAME = WidgetBackground;
				CLANG_ENABLE_OBJC_WEAK = YES;
				CODE_SIGN_ENTITLEMENTS = TimeFillWidgetExtension.entitlements;
				CODE_SIGN_STYLE = Automatic;
				CURRENT_PROJECT_VERSION = 6;
				DEVELOPMENT_TEAM = 5YC4QBHFLS;
				GENERATE_INFOPLIST_FILE = YES;
				INFOPLIST_FILE = TimeFillWidget/Info.plist;
				INFOPLIST_KEY_CFBundleDisplayName = TimeFillWidget;
				INFOPLIST_KEY_NSHumanReadableCopyright = "";
				IPHONEOS_DEPLOYMENT_TARGET = 26.0;
				LD_RUNPATH_SEARCH_PATHS = (
					"$(inherited)",
					"@executable_path/Frameworks",
					"@executable_path/../../Frameworks",
				);
				MARKETING_VERSION = 1.4;
				PRODUCT_BUNDLE_IDENTIFIER = com.timefill.app.TimeFillWidget;
				PRODUCT_NAME = "$(TARGET_NAME)";
				SKIP_INSTALL = YES;
				STRING_CATALOG_GENERATE_SYMBOLS = YES;
				SWIFT_APPROACHABLE_CONCURRENCY = YES;
				SWIFT_EMIT_LOC_STRINGS = YES;
				SWIFT_UPCOMING_FEATURE_MEMBER_IMPORT_VISIBILITY = YES;
				SWIFT_VERSION = 5.0;
				TARGETED_DEVICE_FAMILY = "1,2";
			};
			name = Debug;
		};
		E9D8A27E2E95E7B900C23B7E /* Release */ = {
			isa = XCBuildConfiguration;
			buildSettings = {
				ASSETCATALOG_COMPILER_GLOBAL_ACCENT_COLOR_NAME = AccentColor;
				ASSETCATALOG_COMPILER_WIDGET_BACKGROUND_COLOR_NAME = WidgetBackground;
				CLANG_ENABLE_OBJC_WEAK = YES;
				CODE_SIGN_ENTITLEMENTS = TimeFillWidgetExtension.entitlements;
				CODE_SIGN_STYLE = Automatic;
				CURRENT_PROJECT_VERSION = 6;
				DEVELOPMENT_TEAM = 5YC4QBHFLS;
				GENERATE_INFOPLIST_FILE = YES;
				INFOPLIST_FILE = TimeFillWidget/Info.plist;
				INFOPLIST_KEY_CFBundleDisplayName = TimeFillWidget;
				INFOPLIST_KEY_NSHumanReadableCopyright = "";
				IPHONEOS_DEPLOYMENT_TARGET = 26.0;
				LD_RUNPATH_SEARCH_PATHS = (
					"$(inherited)",
					"@executable_path/Frameworks",
					"@executable_path/../../Frameworks",
				);
				MARKETING_VERSION = 1.4;
				PRODUCT_BUNDLE_IDENTIFIER = com.timefill.app.TimeFillWidget;
				PRODUCT_NAME = "$(TARGET_NAME)";
				SKIP_INSTALL = YES;
				STRING_CATALOG_GENERATE_SYMBOLS = YES;
				SWIFT_APPROACHABLE_CONCURRENCY = YES;
				SWIFT_EMIT_LOC_STRINGS = YES;
				SWIFT_UPCOMING_FEATURE_MEMBER_IMPORT_VISIBILITY = YES;
				SWIFT_VERSION = 5.0;
				TARGETED_DEVICE_FAMILY = "1,2";
			};
			name = Release;
		};
/* End XCBuildConfiguration section */

/* Begin XCConfigurationList section */
		028 /* Build configuration list for PBXNativeTarget "TimeFill" */ = {
			isa = XCConfigurationList;
			buildConfigurations = (
				035 /* Debug */,
				036 /* Release */,
			);
			defaultConfigurationIsVisible = 0;
			defaultConfigurationName = Release;
		};
		032 /* Build configuration list for PBXProject "TimeFill" */ = {
			isa = XCConfigurationList;
			buildConfigurations = (
				033 /* Debug */,
				034 /* Release */,
			);
			defaultConfigurationIsVisible = 0;
			defaultConfigurationName = Release;
		};
		E9D8A2802E95E7B900C23B7E /* Build configuration list for PBXNativeTarget "TimeFillWidgetExtension" */ = {
			isa = XCConfigurationList;
			buildConfigurations = (
				E9D8A27D2E95E7B900C23B7E /* Debug */,
				E9D8A27E2E95E7B900C23B7E /* Release */,
			);
			defaultConfigurationIsVisible = 0;
			defaultConfigurationName = Release;
		};
/* End XCConfigurationList section */
	};
	rootObject = 031 /* Project object */;
}
